dependencies:
- name: tractusx-connector
  repository: https://eclipse-tractusx.github.io/charts/dev
  version: 0.4.1
- name: postgresql
  repository: https://charts.bitnami.com/bitnami
  version: 11.9.1
- name: opensearch
  repository: https://opensearch-project.github.io/helm-charts/
  version: 2.4.0
