dependencies:
- name: tractusx-connector
  repository: https://eclipse-tractusx.github.io/charts/dev
  version: 0.5.1
- name: opensearch
  repository: https://opensearch-project.github.io/helm-charts/
  version: 2.4.0
digest: sha256:9721ae92b27d5f3191da6b62f3e17214959a1407e8d4b50a5843aa29c052abea
generated: "2023-11-17T10:29:15.4445907Z"
